
Microsoft Visual Studio Solution File, Format Version 12.00
# Visual Studio Version 17
VisualStudioVersion = 17.4.33122.133
MinimumVisualStudioVersion = 10.0.40219.1
Project("{FAE04EC0-301F-11D3-BF4B-00C04F79EFBC}") = "SnakeLadderProgram", "SnakeLadderProgram\SnakeLadderProgram.csproj", "{E6E9F001-2224-4059-824B-D05EB0AF2A6B}"
EndProject
Global
	GlobalSection(SolutionConfigurationPlatforms) = preSolution
		Debug|Any CPU = Debug|Any CPU
		Release|Any CPU = Release|Any CPU
	EndGlobalSection
	GlobalSection(ProjectConfigurationPlatforms) = postSolution
		{E6E9F001-2224-4059-824B-D05EB0AF2A6B}.Debug|Any CPU.ActiveCfg = Debug|Any CPU
		{E6E9F001-2224-4059-824B-D05EB0AF2A6B}.Debug|Any CPU.Build.0 = Debug|Any CPU
		{E6E9F001-2224-4059-824B-D05EB0AF2A6B}.Release|Any CPU.ActiveCfg = Release|Any CPU
		{E6E9F001-2224-4059-824B-D05EB0AF2A6B}.Release|Any CPU.Build.0 = Release|Any CPU
	EndGlobalSection
	GlobalSection(SolutionProperties) = preSolution
		HideSolutionNode = FALSE
	EndGlobalSection
	GlobalSection(ExtensibilityGlobals) = postSolution
		SolutionGuid = {103EDD15-BDE0-4542-A837-82219963CFE5}
	EndGlobalSection
EndGlobal
